
Microsoft Visual Studio Solution File, Format Version 11.00
# Visual Studio 2010
Project("{FAE04EC0-301F-11D3-BF4B-00C04F79EFBC}") = "Assembly-CSharp", "Assembly-CSharp.csproj", "{AAD2CCEC-7A79-DA2F-9518-51231AD4EF28}"
EndProject
Global
	GlobalSection(SolutionConfigurationPlatforms) = preSolution
		Debug|Any CPU = Debug|Any CPU
		Release|Any CPU = Release|Any CPU
	EndGlobalSection
	GlobalSection(ProjectConfigurationPlatforms) = postSolution
		{AAD2CCEC-7A79-DA2F-9518-51231AD4EF28}.Debug|Any CPU.ActiveCfg = Debug|Any CPU
		{AAD2CCEC-7A79-DA2F-9518-51231AD4EF28}.Debug|Any CPU.Build.0 = Debug|Any CPU
		{AAD2CCEC-7A79-DA2F-9518-51231AD4EF28}.Release|Any CPU.ActiveCfg = Release|Any CPU
		{AAD2CCEC-7A79-DA2F-9518-51231AD4EF28}.Release|Any CPU.Build.0 = Release|Any CPU
	EndGlobalSection
	GlobalSection(SolutionProperties) = preSolution
		HideSolutionNode = FALSE
	EndGlobalSection
EndGlobal
